
Microsoft Visual Studio Solution File, Format Version 12.00
# Visual Studio 2013
VisualStudioVersion = 12.0.30501.0
MinimumVisualStudioVersion = 10.0.40219.1
Project("{FAE04EC0-301F-11D3-BF4B-00C04F79EFBC}") = "NameSorter", "NameSorter.csproj", "{7FFBB14A-67FF-4FA1-8E30-4DE80729E933}"
EndProject
Project("{FAE04EC0-301F-11D3-BF4B-00C04F79EFBC}") = "NameSorterTests", "NameSorterTests\NameSorterTests.csproj", "{84D83DE1-B3BD-484E-A72B-390055E30922}"
EndProject
Global
	GlobalSection(SolutionConfigurationPlatforms) = preSolution
		Debug|Any CPU = Debug|Any CPU
		Release|Any CPU = Release|Any CPU
	EndGlobalSection
	GlobalSection(ProjectConfigurationPlatforms) = postSolution
		{7FFBB14A-67FF-4FA1-8E30-4DE80729E933}.Debug|Any CPU.ActiveCfg = Debug|Any CPU
		{7FFBB14A-67FF-4FA1-8E30-4DE80729E933}.Debug|Any CPU.Build.0 = Debug|Any CPU
		{7FFBB14A-67FF-4FA1-8E30-4DE80729E933}.Release|Any CPU.ActiveCfg = Release|Any CPU
		{7FFBB14A-67FF-4FA1-8E30-4DE80729E933}.Release|Any CPU.Build.0 = Release|Any CPU
		{84D83DE1-B3BD-484E-A72B-390055E30922}.Debug|Any CPU.ActiveCfg = Debug|Any CPU
		{84D83DE1-B3BD-484E-A72B-390055E30922}.Debug|Any CPU.Build.0 = Debug|Any CPU
		{84D83DE1-B3BD-484E-A72B-390055E30922}.Release|Any CPU.ActiveCfg = Release|Any CPU
		{84D83DE1-B3BD-484E-A72B-390055E30922}.Release|Any CPU.Build.0 = Release|Any CPU
	EndGlobalSection
	GlobalSection(SolutionProperties) = preSolution
		HideSolutionNode = FALSE
	EndGlobalSection
EndGlobal
